// !$*UTF8*$!
{
	archiveVersion = 1;
	classes = {
	};
	objectVersion = 46;
	objects = {

/* Begin PBXBuildFile section */
		94AFDEDB1CA0891600782CC8 /* AppDelegate.swift in Sources */ = {isa = PBXBuildFile; fileRef = 94AFDEDA1CA0891600782CC8 /* AppDelegate.swift */; };
		94AFDEDD1CA0891600782CC8 /* ViewController.swift in Sources */ = {isa = PBXBuildFile; fileRef = 94AFDEDC1CA0891600782CC8 /* ViewController.swift */; };
		94AFDEE01CA0891600782CC8 /* Main.storyboard in Resources */ = {isa = PBXBuildFile; fileRef = 94AFDEDE1CA0891600782CC8 /* Main.storyboard */; };
		94AFDEE21CA0891600782CC8 /* Assets.xcassets in Resources */ = {isa = PBXBuildFile; fileRef = 94AFDEE11CA0891600782CC8 /* Assets.xcassets */; };
		94AFDEE51CA0891600782CC8 /* LaunchScreen.storyboard in Resources */ = {isa = PBXBuildFile; fileRef = 94AFDEE31CA0891600782CC8 /* LaunchScreen.storyboard */; };
		94AFDEF01CA0891600782CC8 /* data_shareTests.swift in Sources */ = {isa = PBXBuildFile; fileRef = 94AFDEEF1CA0891600782CC8 /* data_shareTests.swift */; };
		94AFDEFB1CA0891600782CC8 /* data_shareUITests.swift in Sources */ = {isa = PBXBuildFile; fileRef = 94AFDEFA1CA0891600782CC8 /* data_shareUITests.swift */; };
		94AFDF091CA08A1C00782CC8 /* DetailViewController.swift in Sources */ = {isa = PBXBuildFile; fileRef = 94AFDF081CA08A1C00782CC8 /* DetailViewController.swift */; };
/* End PBXBuildFile section */

/* Begin PBXContainerItemProxy section */
		94AFDEEC1CA0891600782CC8 /* PBXContainerItemProxy */ = {
			isa = PBXContainerItemProxy;
			containerPortal = 94AFDECF1CA0891600782CC8 /* Project object */;
			proxyType = 1;
			remoteGlobalIDString = 94AFDED61CA0891600782CC8;
			remoteInfo = "data-share";
		};
		94AFDEF71CA0891600782CC8 /* PBXContainerItemProxy */ = {
			isa = PBXContainerItemProxy;
			containerPortal = 94AFDECF1CA0891600782CC8 /* Project object */;
			proxyType = 1;
			remoteGlobalIDString = 94AFDED61CA0891600782CC8;
			remoteInfo = "data-share";
		};
/* End PBXContainerItemProxy section */

/* Begin PBXFileReference section */
		94AFDED71CA0891600782CC8 /* data-share.app */ = {isa = PBXFileReference; explicitFileType = wrapper.application; includeInIndex = 0; path = "data-share.app"; sourceTree = BUILT_PRODUCTS_DIR; };
		94AFDEDA1CA0891600782CC8 /* AppDelegate.swift */ = {isa = PBXFileReference; lastKnownFileType = sourcecode.swift; path = AppDelegate.swift; sourceTree = "<group>"; };
		94AFDEDC1CA0891600782CC8 /* ViewController.swift */ = {isa = PBXFileReference; lastKnownFileType = sourcecode.swift; path = ViewController.swift; sourceTree = "<group>"; };
		94AFDEDF1CA0891600782CC8 /* Base */ = {isa = PBXFileReference; lastKnownFileType = file.storyboard; name = Base; path = Base.lproj/Main.storyboard; sourceTree = "<group>"; };
		94AFDEE11CA0891600782CC8 /* Assets.xcassets */ = {isa = PBXFileReference; lastKnownFileType = folder.assetcatalog; path = Assets.xcassets; sourceTree = "<group>"; };
		94AFDEE41CA0891600782CC8 /* Base */ = {isa = PBXFileReference; lastKnownFileType = file.storyboard; name = Base; path = Base.lproj/LaunchScreen.storyboard; sourceTree = "<group>"; };
		94AFDEE61CA0891600782CC8 /* Info.plist */ = {isa = PBXFileReference; lastKnownFileType = text.plist.xml; path = Info.plist; sourceTree = "<group>"; };
		94AFDEEB1CA0891600782CC8 /* data-shareTests.xctest */ = {isa = PBXFileReference; explicitFileType = wrapper.cfbundle; includeInIndex = 0; path = "data-shareTests.xctest"; sourceTree = BUILT_PRODUCTS_DIR; };
		94AFDEEF1CA0891600782CC8 /* data_shareTests.swift */ = {isa = PBXFileReference; lastKnownFileType = sourcecode.swift; path = data_shareTests.swift; sourceTree = "<group>"; };
		94AFDEF11CA0891600782CC8 /* Info.plist */ = {isa = PBXFileReference; lastKnownFileType = text.plist.xml; path = Info.plist; sourceTree = "<group>"; };
		94AFDEF61CA0891600782CC8 /* data-shareUITests.xctest */ = {isa = PBXFileReference; explicitFileType = wrapper.cfbundle; includeInIndex = 0; path = "data-shareUITests.xctest"; sourceTree = BUILT_PRODUCTS_DIR; };
		94AFDEFA1CA0891600782CC8 /* data_shareUITests.swift */ = {isa = PBXFileReference; lastKnownFileType = sourcecode.swift; path = data_shareUITests.swift; sourceTree = "<group>"; };
		94AFDEFC1CA0891600782CC8 /* Info.plist */ = {isa = PBXFileReference; lastKnownFileType = text.plist.xml; path = Info.plist; sourceTree = "<group>"; };
		94AFDF081CA08A1C00782CC8 /* DetailViewController.swift */ = {isa = PBXFileReference; fileEncoding = 4; lastKnownFileType = sourcecode.swift; path = DetailViewController.swift; sourceTree = "<group>"; };
/* End PBXFileReference section */

/* Begin PBXFrameworksBuildPhase section */
		94AFDED41CA0891600782CC8 /* Frameworks */ = {
			isa = PBXFrameworksBuildPhase;
			buildActionMask = 2147483647;
			files = (
			);
			runOnlyForDeploymentPostprocessing = 0;
		};
		94AFDEE81CA0891600782CC8 /* Frameworks */ = {
			isa = PBXFrameworksBuildPhase;
			buildActionMask = 2147483647;
			files = (
			);
			runOnlyForDeploymentPostprocessing = 0;
		};
		94AFDEF31CA0891600782CC8 /* Frameworks */ = {
			isa = PBXFrameworksBuildPhase;
			buildActionMask = 2147483647;
			files = (
			);
			runOnlyForDeploymentPostprocessing = 0;
		};
/* End PBXFrameworksBuildPhase section */

/* Begin PBXGroup section */
		94AFDECE1CA0891600782CC8 = {
			isa = PBXGroup;
			children = (
				94AFDED91CA0891600782CC8 /* data-share */,
				94AFDEEE1CA0891600782CC8 /* data-shareTests */,
				94AFDEF91CA0891600782CC8 /* data-shareUITests */,
				94AFDED81CA0891600782CC8 /* Products */,
			);
			sourceTree = "<group>";
		};
		94AFDED81CA0891600782CC8 /* Products */ = {
			isa = PBXGroup;
			children = (
				94AFDED71CA0891600782CC8 /* data-share.app */,
				94AFDEEB1CA0891600782CC8 /* data-shareTests.xctest */,
				94AFDEF61CA0891600782CC8 /* data-shareUITests.xctest */,
			);
			name = Products;
			sourceTree = "<group>";
		};
		94AFDED91CA0891600782CC8 /* data-share */ = {
			isa = PBXGroup;
			children = (
				94AFDEDA1CA0891600782CC8 /* AppDelegate.swift */,
				94AFDEDC1CA0891600782CC8 /* ViewController.swift */,
				94AFDF081CA08A1C00782CC8 /* DetailViewController.swift */,
				94AFDEDE1CA0891600782CC8 /* Main.storyboard */,
				94AFDEE11CA0891600782CC8 /* Assets.xcassets */,
				94AFDEE31CA0891600782CC8 /* LaunchScreen.storyboard */,
				94AFDEE61CA0891600782CC8 /* Info.plist */,
			);
			path = "data-share";
			sourceTree = "<group>";
		};
		94AFDEEE1CA0891600782CC8 /* data-shareTests */ = {
			isa = PBXGroup;
			children = (
				94AFDEEF1CA0891600782CC8 /* data_shareTests.swift */,
				94AFDEF11CA0891600782CC8 /* Info.plist */,
			);
			path = "data-shareTests";
			sourceTree = "<group>";
		};
		94AFDEF91CA0891600782CC8 /* data-shareUITests */ = {
			isa = PBXGroup;
			children = (
				94AFDEFA1CA0891600782CC8 /* data_shareUITests.swift */,
				94AFDEFC1CA0891600782CC8 /* Info.plist */,
			);
			path = "data-shareUITests";
			sourceTree = "<group>";
		};
/* End PBXGroup section */

/* Begin PBXNativeTarget section */
		94AFDED61CA0891600782CC8 /* data-share */ = {
			isa = PBXNativeTarget;
			buildConfigurationList = 94AFDEFF1CA0891600782CC8 /* Build configuration list for PBXNativeTarget "data-share" */;
			buildPhases = (
				94AFDED31CA0891600782CC8 /* Sources */,
				94AFDED41CA0891600782CC8 /* Frameworks */,
				94AFDED51CA0891600782CC8 /* Resources */,
			);
			buildRules = (
			);
			dependencies = (
			);
			name = "data-share";
			productName = "data-share";
			productReference = 94AFDED71CA0891600782CC8 /* data-share.app */;
			productType = "com.apple.product-type.application";
		};
		94AFDEEA1CA0891600782CC8 /* data-shareTests */ = {
			isa = PBXNativeTarget;
			buildConfigurationList = 94AFDF021CA0891600782CC8 /* Build configuration list for PBXNativeTarget "data-shareTests" */;
			buildPhases = (
				94AFDEE71CA0891600782CC8 /* Sources */,
				94AFDEE81CA0891600782CC8 /* Frameworks */,
				94AFDEE91CA0891600782CC8 /* Resources */,
			);
			buildRules = (
			);
			dependencies = (
				94AFDEED1CA0891600782CC8 /* PBXTargetDependency */,
			);
			name = "data-shareTests";
			productName = "data-shareTests";
			productReference = 94AFDEEB1CA0891600782CC8 /* data-shareTests.xctest */;
			productType = "com.apple.product-type.bundle.unit-test";
		};
		94AFDEF51CA0891600782CC8 /* data-shareUITests */ = {
			isa = PBXNativeTarget;
			buildConfigurationList = 94AFDF051CA0891600782CC8 /* Build configuration list for PBXNativeTarget "data-shareUITests" */;
			buildPhases = (
				94AFDEF21CA0891600782CC8 /* Sources */,
				94AFDEF31CA0891600782CC8 /* Frameworks */,
				94AFDEF41CA0891600782CC8 /* Resources */,
			);
			buildRules = (
			);
			dependencies = (
				94AFDEF81CA0891600782CC8 /* PBXTargetDependency */,
			);
			name = "data-shareUITests";
			productName = "data-shareUITests";
			productReference = 94AFDEF61CA0891600782CC8 /* data-shareUITests.xctest */;
			productType = "com.apple.product-type.bundle.ui-testing";
		};
/* End PBXNativeTarget section */

/* Begin PBXProject section */
		94AFDECF1CA0891600782CC8 /* Project object */ = {
			isa = PBXProject;
			attributes = {
				LastSwiftUpdateCheck = 0720;
				LastUpgradeCheck = 0720;
				ORGANIZATIONNAME = "Ryan Teixeira";
				TargetAttributes = {
					94AFDED61CA0891600782CC8 = {
						CreatedOnToolsVersion = 7.2.1;
					};
					94AFDEEA1CA0891600782CC8 = {
						CreatedOnToolsVersion = 7.2.1;
						TestTargetID = 94AFDED61CA0891600782CC8;
					};
					94AFDEF51CA0891600782CC8 = {
						CreatedOnToolsVersion = 7.2.1;
						TestTargetID = 94AFDED61CA0891600782CC8;
					};
				};
			};
			buildConfigurationList = 94AFDED21CA0891600782CC8 /* Build configuration list for PBXProject "data-share" */;
			compatibilityVersion = "Xcode 3.2";
			developmentRegion = English;
			hasScannedForEncodings = 0;
			knownRegions = (
				en,
				Base,
			);
			mainGroup = 94AFDECE1CA0891600782CC8;
			productRefGroup = 94AFDED81CA0891600782CC8 /* Products */;
			projectDirPath = "";
			projectRoot = "";
			targets = (
				94AFDED61CA0891600782CC8 /* data-share */,
				94AFDEEA1CA0891600782CC8 /* data-shareTests */,
				94AFDEF51CA0891600782CC8 /* data-shareUITests */,
			);
		};
/* End PBXProject section */

/* Begin PBXResourcesBuildPhase section */
		94AFDED51CA0891600782CC8 /* Resources */ = {
			isa = PBXResourcesBuildPhase;
			buildActionMask = 2147483647;
			files = (
				94AFDEE51CA0891600782CC8 /* LaunchScreen.storyboard in Resources */,
				94AFDEE21CA0891600782CC8 /* Assets.xcassets in Resources */,
				94AFDEE01CA0891600782CC8 /* Main.storyboard in Resources */,
			);
			runOnlyForDeploymentPostprocessing = 0;
		};
		94AFDEE91CA0891600782CC8 /* Resources */ = {
			isa = PBXResourcesBuildPhase;
			buildActionMask = 2147483647;
			files = (
			);
			runOnlyForDeploymentPostprocessing = 0;
		};
		94AFDEF41CA0891600782CC8 /* Resources */ = {
			isa = PBXResourcesBuildPhase;
			buildActionMask = 2147483647;
			files = (
			);
			runOnlyForDeploymentPostprocessing = 0;
		};
/* End PBXResourcesBuildPhase section */

/* Begin PBXSourcesBuildPhase section */
		94AFDED31CA0891600782CC8 /* Sources */ = {
			isa = PBXSourcesBuildPhase;
			buildActionMask = 2147483647;
			files = (
				94AFDF091CA08A1C00782CC8 /* DetailViewController.swift in Sources */,
				94AFDEDD1CA0891600782CC8 /* ViewController.swift in Sources */,
				94AFDEDB1CA0891600782CC8 /* AppDelegate.swift in Sources */,
			);
			runOnlyForDeploymentPostprocessing = 0;
		};
		94AFDEE71CA0891600782CC8 /* Sources */ = {
			isa = PBXSourcesBuildPhase;
			buildActionMask = 2147483647;
			files = (
				94AFDEF01CA0891600782CC8 /* data_shareTests.swift in Sources */,
			);
			runOnlyForDeploymentPostprocessing = 0;
		};
		94AFDEF21CA0891600782CC8 /* Sources */ = {
			isa = PBXSourcesBuildPhase;
			buildActionMask = 2147483647;
			files = (
				94AFDEFB1CA0891600782CC8 /* data_shareUITests.swift in Sources */,
			);
			runOnlyForDeploymentPostprocessing = 0;
		};
/* End PBXSourcesBuildPhase section */

/* Begin PBXTargetDependency section */
		94AFDEED1CA0891600782CC8 /* PBXTargetDependency */ = {
			isa = PBXTargetDependency;
			target = 94AFDED61CA0891600782CC8 /* data-share */;
			targetProxy = 94AFDEEC1CA0891600782CC8 /* PBXContainerItemProxy */;
		};
		94AFDEF81CA0891600782CC8 /* PBXTargetDependency */ = {
			isa = PBXTargetDependency;
			target = 94AFDED61CA0891600782CC8 /* data-share */;
			targetProxy = 94AFDEF71CA0891600782CC8 /* PBXContainerItemProxy */;
		};
/* End PBXTargetDependency section */

/* Begin PBXVariantGroup section */
		94AFDEDE1CA0891600782CC8 /* Main.storyboard */ = {
			isa = PBXVariantGroup;
			children = (
				94AFDEDF1CA0891600782CC8 /* Base */,
			);
			name = Main.storyboard;
			sourceTree = "<group>";
		};
		94AFDEE31CA0891600782CC8 /* LaunchScreen.storyboard */ = {
			isa = PBXVariantGroup;
			children = (
				94AFDEE41CA0891600782CC8 /* Base */,
			);
			name = LaunchScreen.storyboard;
			sourceTree = "<group>";
		};
/* End PBXVariantGroup section */

/* Begin XCBuildConfiguration section */
		94AFDEFD1CA0891600782CC8 /* Debug */ = {
			isa = XCBuildConfiguration;
			buildSettings = {
				ALWAYS_SEARCH_USER_PATHS = NO;
				CLANG_CXX_LANGUAGE_STANDARD = "gnu++0x";
				CLANG_CXX_LIBRARY = "libc++";
				CLANG_ENABLE_MODULES = YES;
				CLANG_ENABLE_OBJC_ARC = YES;
				CLANG_WARN_BOOL_CONVERSION = YES;
				CLANG_WARN_CONSTANT_CONVERSION = YES;
				CLANG_WARN_DIRECT_OBJC_ISA_USAGE = YES_ERROR;
				CLANG_WARN_EMPTY_BODY = YES;
				CLANG_WARN_ENUM_CONVERSION = YES;
				CLANG_WARN_INT_CONVERSION = YES;
				CLANG_WARN_OBJC_ROOT_CLASS = YES_ERROR;
				CLANG_WARN_UNREACHABLE_CODE = YES;
				CLANG_WARN__DUPLICATE_METHOD_MATCH = YES;
				"CODE_SIGN_IDENTITY[sdk=iphoneos*]" = "iPhone Developer";
				COPY_PHASE_STRIP = NO;
				DEBUG_INFORMATION_FORMAT = dwarf;
				ENABLE_STRICT_OBJC_MSGSEND = YES;
				ENABLE_TESTABILITY = YES;
				GCC_C_LANGUAGE_STANDARD = gnu99;
				GCC_DYNAMIC_NO_PIC = NO;
				GCC_NO_COMMON_BLOCKS = YES;
				GCC_OPTIMIZATION_LEVEL = 0;
				GCC_PREPROCESSOR_DEFINITIONS = (
					"DEBUG=1",
					"$(inherited)",
				);
				GCC_WARN_64_TO_32_BIT_CONVERSION = YES;
				GCC_WARN_ABOUT_RETURN_TYPE = YES_ERROR;
				GCC_WARN_UNDECLARED_SELECTOR = YES;
				GCC_WARN_UNINITIALIZED_AUTOS = YES_AGGRESSIVE;
				GCC_WARN_UNUSED_FUNCTION = YES;
				GCC_WARN_UNUSED_VARIABLE = YES;
				IPHONEOS_DEPLOYMENT_TARGET = 9.2;
				MTL_ENABLE_DEBUG_INFO = YES;
				ONLY_ACTIVE_ARCH = YES;
				SDKROOT = iphoneos;
				SWIFT_OPTIMIZATION_LEVEL = "-Onone";
				TARGETED_DEVICE_FAMILY = "1,2";
			};
			name = Debug;
		};
		94AFDEFE1CA0891600782CC8 /* Release */ = {
			isa = XCBuildConfiguration;
			buildSettings = {
				ALWAYS_SEARCH_USER_PATHS = NO;
				CLANG_CXX_LANGUAGE_STANDARD = "gnu++0x";
				CLANG_CXX_LIBRARY = "libc++";
				CLANG_ENABLE_MODULES = YES;
				CLANG_ENABLE_OBJC_ARC = YES;
				CLANG_WARN_BOOL_CONVERSION = YES;
				CLANG_WARN_CONSTANT_CONVERSION = YES;
				CLANG_WARN_DIRECT_OBJC_ISA_USAGE = YES_ERROR;
				CLANG_WARN_EMPTY_BODY = YES;
				CLANG_WARN_ENUM_CONVERSION = YES;
				CLANG_WARN_INT_CONVERSION = YES;
				CLANG_WARN_OBJC_ROOT_CLASS = YES_ERROR;
				CLANG_WARN_UNREACHABLE_CODE = YES;
				CLANG_WARN__DUPLICATE_METHOD_MATCH = YES;
				"CODE_SIGN_IDENTITY[sdk=iphoneos*]" = "iPhone Developer";
				COPY_PHASE_STRIP = NO;
				DEBUG_INFORMATION_FORMAT = "dwarf-with-dsym";
				ENABLE_NS_ASSERTIONS = NO;
				ENABLE_STRICT_OBJC_MSGSEND = YES;
				GCC_C_LANGUAGE_STANDARD = gnu99;
				GCC_NO_COMMON_BLOCKS = YES;
				GCC_WARN_64_TO_32_BIT_CONVERSION = YES;
				GCC_WARN_ABOUT_RETURN_TYPE = YES_ERROR;
				GCC_WARN_UNDECLARED_SELECTOR = YES;
				GCC_WARN_UNINITIALIZED_AUTOS = YES_AGGRESSIVE;
				GCC_WARN_UNUSED_FUNCTION = YES;
				GCC_WARN_UNUSED_VARIABLE = YES;
				IPHONEOS_DEPLOYMENT_TARGET = 9.2;
				MTL_ENABLE_DEBUG_INFO = NO;
				SDKROOT = iphoneos;
				TARGETED_DEVICE_FAMILY = "1,2";
				VALIDATE_PRODUCT = YES;
			};
			name = Release;
		};
		94AFDF001CA0891600782CC8 /* Debug */ = {
			isa = XCBuildConfiguration;
			buildSettings = {
				ASSETCATALOG_COMPILER_APPICON_NAME = AppIcon;
				INFOPLIST_FILE = "data-share/Info.plist";
				LD_RUNPATH_SEARCH_PATHS = "$(inherited) @executable_path/Frameworks";
				PRODUCT_BUNDLE_IDENTIFIER = "com.ryantxr.data-share";
				PRODUCT_NAME = "$(TARGET_NAME)";
			};
			name = Debug;
		};
		94AFDF011CA0891600782CC8 /* Release */ = {
			isa = XCBuildConfiguration;
			buildSettings = {
				ASSETCATALOG_COMPILER_APPICON_NAME = AppIcon;
				INFOPLIST_FILE = "data-share/Info.plist";
				LD_RUNPATH_SEARCH_PATHS = "$(inherited) @executable_path/Frameworks";
				PRODUCT_BUNDLE_IDENTIFIER = "com.ryantxr.data-share";
				PRODUCT_NAME = "$(TARGET_NAME)";
			};
			name = Release;
		};
		94AFDF031CA0891600782CC8 /* Debug */ = {
			isa = XCBuildConfiguration;
			buildSettings = {
				BUNDLE_LOADER = "$(TEST_HOST)";
				INFOPLIST_FILE = "data-shareTests/Info.plist";
				LD_RUNPATH_SEARCH_PATHS = "$(inherited) @executable_path/Frameworks @loader_path/Frameworks";
				PRODUCT_BUNDLE_IDENTIFIER = "com.ryantxr.data-shareTests";
				PRODUCT_NAME = "$(TARGET_NAME)";
				TEST_HOST = "$(BUILT_PRODUCTS_DIR)/data-share.app/data-share";
			};
			name = Debug;
		};
		94AFDF041CA0891600782CC8 /* Release */ = {
			isa = XCBuildConfiguration;
			buildSettings = {
				BUNDLE_LOADER = "$(TEST_HOST)";
				INFOPLIST_FILE = "data-shareTests/Info.plist";
				LD_RUNPATH_SEARCH_PATHS = "$(inherited) @executable_path/Frameworks @loader_path/Frameworks";
				PRODUCT_BUNDLE_IDENTIFIER = "com.ryantxr.data-shareTests";
				PRODUCT_NAME = "$(TARGET_NAME)";
				TEST_HOST = "$(BUILT_PRODUCTS_DIR)/data-share.app/data-share";
			};
			name = Release;
		};
		94AFDF061CA0891600782CC8 /* Debug */ = {
			isa = XCBuildConfiguration;
			buildSettings = {
				INFOPLIST_FILE = "data-shareUITests/Info.plist";
				LD_RUNPATH_SEARCH_PATHS = "$(inherited) @executable_path/Frameworks @loader_path/Frameworks";
				PRODUCT_BUNDLE_IDENTIFIER = "com.ryantxr.data-shareUITests";
				PRODUCT_NAME = "$(TARGET_NAME)";
				TEST_TARGET_NAME = "data-share";
				USES_XCTRUNNER = YES;
			};
			name = Debug;
		};
		94AFDF071CA0891600782CC8 /* Release */ = {
			isa = XCBuildConfiguration;
			buildSettings = {
				INFOPLIST_FILE = "data-shareUITests/Info.plist";
				LD_RUNPATH_SEARCH_PATHS = "$(inherited) @executable_path/Frameworks @loader_path/Frameworks";
				PRODUCT_BUNDLE_IDENTIFIER = "com.ryantxr.data-shareUITests";
				PRODUCT_NAME = "$(TARGET_NAME)";
				TEST_TARGET_NAME = "data-share";
				USES_XCTRUNNER = YES;
			};
			name = Release;
		};
/* End XCBuildConfiguration section */

/* Begin XCConfigurationList section */
		94AFDED21CA0891600782CC8 /* Build configuration list for PBXProject "data-share" */ = {
			isa = XCConfigurationList;
			buildConfigurations = (
				94AFDEFD1CA0891600782CC8 /* Debug */,
				94AFDEFE1CA0891600782CC8 /* Release */,
			);
			defaultConfigurationIsVisible = 0;
			defaultConfigurationName = Release;
		};
		94AFDEFF1CA0891600782CC8 /* Build configuration list for PBXNativeTarget "data-share" */ = {
			isa = XCConfigurationList;
			buildConfigurations = (
				94AFDF001CA0891600782CC8 /* Debug */,
				94AFDF011CA0891600782CC8 /* Release */,
			);
			defaultConfigurationIsVisible = 0;
		};
		94AFDF021CA0891600782CC8 /* Build configuration list for PBXNativeTarget "data-shareTests" */ = {
			isa = XCConfigurationList;
			buildConfigurations = (
				94AFDF031CA0891600782CC8 /* Debug */,
				94AFDF041CA0891600782CC8 /* Release */,
			);
			defaultConfigurationIsVisible = 0;
		};
		94AFDF051CA0891600782CC8 /* Build configuration list for PBXNativeTarget "data-shareUITests" */ = {
			isa = XCConfigurationList;
			buildConfigurations = (
				94AFDF061CA0891600782CC8 /* Debug */,
				94AFDF071CA0891600782CC8 /* Release */,
			);
			defaultConfigurationIsVisible = 0;
		};
/* End XCConfigurationList section */
	};
	rootObject = 94AFDECF1CA0891600782CC8 /* Project object */;
}
